
Microsoft Visual Studio Solution File, Format Version 12.00
# Visual Studio Version 17
VisualStudioVersion = 17.4.33213.308
MinimumVisualStudioVersion = 10.0.40219.1
Project("{FAE04EC0-301F-11D3-BF4B-00C04F79EFBC}") = "HastaneOtomasyonProjesi", "HastaneOtomasyonProjesi\HastaneOtomasyonProjesi.csproj", "{37F47052-074C-4BB2-94E9-BBB541BDC0E1}"
EndProject
Global
	GlobalSection(SolutionConfigurationPlatforms) = preSolution
		Debug|Any CPU = Debug|Any CPU
		Release|Any CPU = Release|Any CPU
	EndGlobalSection
	GlobalSection(ProjectConfigurationPlatforms) = postSolution
		{37F47052-074C-4BB2-94E9-BBB541BDC0E1}.Debug|Any CPU.ActiveCfg = Debug|Any CPU
		{37F47052-074C-4BB2-94E9-BBB541BDC0E1}.Debug|Any CPU.Build.0 = Debug|Any CPU
		{37F47052-074C-4BB2-94E9-BBB541BDC0E1}.Release|Any CPU.ActiveCfg = Release|Any CPU
		{37F47052-074C-4BB2-94E9-BBB541BDC0E1}.Release|Any CPU.Build.0 = Release|Any CPU
	EndGlobalSection
	GlobalSection(SolutionProperties) = preSolution
		HideSolutionNode = FALSE
	EndGlobalSection
	GlobalSection(ExtensibilityGlobals) = postSolution
		SolutionGuid = {3E499282-7358-4243-9029-F4F99CBCF64D}
	EndGlobalSection
EndGlobal
